PODS:
<<<<<<< HEAD
  - Alamofire (4.9.1)
=======
  - GlidingCollection (2.1.0)
>>>>>>> f6ad85add9b36644e96dec3c4401dead3229e3f6
  - JJFloatingActionButton (2.1.0)
  - MXParallaxHeader (1.0.0)
  - PryntTrimmerView (4.0.0)
  - SDWebImage (5.3.0):
    - SDWebImage/Core (= 5.3.0)
  - SDWebImage/Core (5.3.0)
<<<<<<< HEAD
  - SwiftyJSON (5.0.0)

DEPENDENCIES:
  - Alamofire
  - JJFloatingActionButton
  - MXParallaxHeader
  - SDWebImage
  - SwiftyJSON

SPEC REPOS:
  trunk:
    - Alamofire
=======
  - SteviaLayout (4.6.1)
  - YPImagePicker (4.1.2):
    - PryntTrimmerView (~> 4.0.0)
    - SteviaLayout (~> 4.6.0)

DEPENDENCIES:
  - GlidingCollection
  - JJFloatingActionButton
  - MXParallaxHeader
  - SDWebImage
  - YPImagePicker

SPEC REPOS:
  trunk:
    - GlidingCollection
>>>>>>> f6ad85add9b36644e96dec3c4401dead3229e3f6
    - JJFloatingActionButton
    - MXParallaxHeader
    - PryntTrimmerView
    - SDWebImage
<<<<<<< HEAD
    - SwiftyJSON

SPEC CHECKSUMS:
  Alamofire: 85e8a02c69d6020a0d734f6054870d7ecb75cf18
=======
    - SteviaLayout
    - YPImagePicker

SPEC CHECKSUMS:
  GlidingCollection: a15dbd9ec1775c781453bc36e6104d0c9dec20fb
>>>>>>> f6ad85add9b36644e96dec3c4401dead3229e3f6
  JJFloatingActionButton: 26805f87c7e9f68c6a91bd9f3f09c2e6b904a84f
  MXParallaxHeader: a95e0af1f485b1b718a6939f583f0dbae6992c41
  PryntTrimmerView: 67e67573ffd4c073f1308effa66aefd0cfa667a0
  SDWebImage: f1afa74b86587c2c63f4e80dfd39b21e3c17b45b
<<<<<<< HEAD
  SwiftyJSON: 36413e04c44ee145039d332b4f4e2d3e8d6c4db7

PODFILE CHECKSUM: 26d9102b70ada2c4978708d5a1122354dbe2ff8e
=======
  SteviaLayout: 0c83442390c8a369c21f975ffbd812d11532645b
  YPImagePicker: bdaa46782668e260fdd9709f19043a9f469fd2ad

PODFILE CHECKSUM: 11bcf5e8b0ac8d62b476a38b2b4d3253d12998d7
>>>>>>> f6ad85add9b36644e96dec3c4401dead3229e3f6

COCOAPODS: 1.8.4
